
Microsoft Visual Studio Solution File, Format Version 12.00
# Visual Studio 15
VisualStudioVersion = 15.0.28307.902
MinimumVisualStudioVersion = 10.0.40219.1
Project("{9A19103F-16F7-4668-BE54-9A1E7A4F7556}") = "CommandRunner", "CommandRunner\CommandRunner.csproj", "{4827AAB4-03F4-4B62-BD9E-6F314753D873}"
EndProject
Project("{FAE04EC0-301F-11D3-BF4B-00C04F79EFBC}") = "FrameworkTest", "FrameworkTest\FrameworkTest.csproj", "{D59167DB-605C-425B-B1F3-417F9A1D6AFA}"
EndProject
Project("{9A19103F-16F7-4668-BE54-9A1E7A4F7556}") = "CoreTest", "CoreTest\CoreTest.csproj", "{E8455312-522E-4D85-BF7C-E87ECFCBEC93}"
EndProject
Project("{FAE04EC0-301F-11D3-BF4B-00C04F79EFBC}") = "cmdcli", "cmdcli\cmdcli.csproj", "{4CD43426-DB0B-4DF3-94AD-494B8CD8F314}"
EndProject
Project("{9A19103F-16F7-4668-BE54-9A1E7A4F7556}") = "cmdcli_add", "cmdcli_add\cmdcli_add.csproj", "{36B55DA5-59F5-4D20-8C48-A5C52B3276AF}"
EndProject
Project("{9A19103F-16F7-4668-BE54-9A1E7A4F7556}") = "cmdcli_core", "cmdcli_core\cmdcli_core.csproj", "{1EE7A54A-A9A3-4ED2-B1AD-07B1685E990D}"
EndProject
Project("{FAE04EC0-301F-11D3-BF4B-00C04F79EFBC}") = "cmdcli_remove", "cmdcli_remove\cmdcli_remove.csproj", "{B520CCBD-CD64-439C-BB19-0CB3566A2A0E}"
EndProject
Global
	GlobalSection(SolutionConfigurationPlatforms) = preSolution
		Debug|Any CPU = Debug|Any CPU
		Release|Any CPU = Release|Any CPU
	EndGlobalSection
	GlobalSection(ProjectConfigurationPlatforms) = postSolution
		{4827AAB4-03F4-4B62-BD9E-6F314753D873}.Debug|Any CPU.ActiveCfg = Debug|Any CPU
		{4827AAB4-03F4-4B62-BD9E-6F314753D873}.Debug|Any CPU.Build.0 = Debug|Any CPU
		{4827AAB4-03F4-4B62-BD9E-6F314753D873}.Release|Any CPU.ActiveCfg = Release|Any CPU
		{4827AAB4-03F4-4B62-BD9E-6F314753D873}.Release|Any CPU.Build.0 = Release|Any CPU
		{D59167DB-605C-425B-B1F3-417F9A1D6AFA}.Debug|Any CPU.ActiveCfg = Debug|Any CPU
		{D59167DB-605C-425B-B1F3-417F9A1D6AFA}.Debug|Any CPU.Build.0 = Debug|Any CPU
		{D59167DB-605C-425B-B1F3-417F9A1D6AFA}.Release|Any CPU.ActiveCfg = Release|Any CPU
		{D59167DB-605C-425B-B1F3-417F9A1D6AFA}.Release|Any CPU.Build.0 = Release|Any CPU
		{E8455312-522E-4D85-BF7C-E87ECFCBEC93}.Debug|Any CPU.ActiveCfg = Debug|Any CPU
		{E8455312-522E-4D85-BF7C-E87ECFCBEC93}.Debug|Any CPU.Build.0 = Debug|Any CPU
		{E8455312-522E-4D85-BF7C-E87ECFCBEC93}.Release|Any CPU.ActiveCfg = Release|Any CPU
		{E8455312-522E-4D85-BF7C-E87ECFCBEC93}.Release|Any CPU.Build.0 = Release|Any CPU
		{4CD43426-DB0B-4DF3-94AD-494B8CD8F314}.Debug|Any CPU.ActiveCfg = Debug|Any CPU
		{4CD43426-DB0B-4DF3-94AD-494B8CD8F314}.Debug|Any CPU.Build.0 = Debug|Any CPU
		{4CD43426-DB0B-4DF3-94AD-494B8CD8F314}.Release|Any CPU.ActiveCfg = Release|Any CPU
		{4CD43426-DB0B-4DF3-94AD-494B8CD8F314}.Release|Any CPU.Build.0 = Release|Any CPU
		{36B55DA5-59F5-4D20-8C48-A5C52B3276AF}.Debug|Any CPU.ActiveCfg = Debug|Any CPU
		{36B55DA5-59F5-4D20-8C48-A5C52B3276AF}.Debug|Any CPU.Build.0 = Debug|Any CPU
		{36B55DA5-59F5-4D20-8C48-A5C52B3276AF}.Release|Any CPU.ActiveCfg = Release|Any CPU
		{36B55DA5-59F5-4D20-8C48-A5C52B3276AF}.Release|Any CPU.Build.0 = Release|Any CPU
		{1EE7A54A-A9A3-4ED2-B1AD-07B1685E990D}.Debug|Any CPU.ActiveCfg = Debug|Any CPU
		{1EE7A54A-A9A3-4ED2-B1AD-07B1685E990D}.Debug|Any CPU.Build.0 = Debug|Any CPU
		{1EE7A54A-A9A3-4ED2-B1AD-07B1685E990D}.Release|Any CPU.ActiveCfg = Release|Any CPU
		{1EE7A54A-A9A3-4ED2-B1AD-07B1685E990D}.Release|Any CPU.Build.0 = Release|Any CPU
		{B520CCBD-CD64-439C-BB19-0CB3566A2A0E}.Debug|Any CPU.ActiveCfg = Debug|Any CPU
		{B520CCBD-CD64-439C-BB19-0CB3566A2A0E}.Debug|Any CPU.Build.0 = Debug|Any CPU
		{B520CCBD-CD64-439C-BB19-0CB3566A2A0E}.Release|Any CPU.ActiveCfg = Release|Any CPU
		{B520CCBD-CD64-439C-BB19-0CB3566A2A0E}.Release|Any CPU.Build.0 = Release|Any CPU
	EndGlobalSection
	GlobalSection(SolutionProperties) = preSolution
		HideSolutionNode = FALSE
	EndGlobalSection
	GlobalSection(ExtensibilityGlobals) = postSolution
		SolutionGuid = {E009A7B8-E78C-41D8-82EA-C72CB95F7372}
	EndGlobalSection
EndGlobal
